<?xml version="1.0" encoding="utf-8"?>
<Project ToolsVersion="4.0" xmlns="http://schemas.microsoft.com/developer/msbuild/2003">
  <ItemGroup>
    <Filter Include="Source Files">
      <UniqueIdentifier>{4FC737F1-C7A5-4376-A066-2A32D752A2FF}</UniqueIdentifier>
      <Extensions>cpp;c;cc;cxx;def;odl;idl;hpj;bat;asm;asmx</Extensions>
    </Filter>
    <Filter Include="Header Files">
      <UniqueIdentifier>{93995380-89BD-4b04-88EB-625FBE52EBFB}</UniqueIdentifier>
      <Extensions>h;hh;hpp;hxx;hm;inl;inc;ipp;xsd</Extensions>
    </Filter>
    <Filter Include="Header Files\sensors">
      <UniqueIdentifier>{84a94d7f-a381-4964-bf6b-89ff242483b7}</UniqueIdentifier>
    </Filter>
    <Filter Include="Source Files\sensors">
      <UniqueIdentifier>{c2302ced-6505-4d60-810b-c42e9617fdb9}</UniqueIdentifier>
    </Filter>
  </ItemGroup>
  <ItemGroup>
    <ClCompile Include="src\main.cpp">
      <Filter>Source Files</Filter>
    </ClCompile>
    <ClCompile Include="src\SFMLDebugDraw.cpp">
      <Filter>Source Files</Filter>
    </ClCompile>
    <ClCompile Include="src\game.cpp">
      <Filter>Source Files</Filter>
    </ClCompile>
    <ClCompile Include="src\dynamicCircle.cpp">
      <Filter>Source Files</Filter>
    </ClCompile>
    <ClCompile Include="src\contactListener.cpp">
      <Filter>Source Files</Filter>
    </ClCompile>
    <ClCompile Include="src\ray.cpp">
      <Filter>Source Files</Filter>
    </ClCompile>
    <ClCompile Include="src\staticSensor.cpp">
      <Filter>Source Files\sensors</Filter>
    </ClCompile>
    <ClCompile Include="src\goalSensor.cpp">
      <Filter>Source Files\sensors</Filter>
    </ClCompile>
    <ClCompile Include="src\staticBlock.cpp">
      <Filter>Source Files</Filter>
    </ClCompile>
    <ClCompile Include="src\kinematicBlock.cpp">
      <Filter>Source Files</Filter>
    </ClCompile>
    <ClCompile Include="src\HUD.cpp">
      <Filter>Source Files</Filter>
    </ClCompile>
    <ClCompile Include="src\textures.cpp">
      <Filter>Source Files</Filter>
    </ClCompile>
  </ItemGroup>
  <ItemGroup>
    <ClInclude Include="include\SFMLDebugDraw.h">
      <Filter>Header Files</Filter>
    </ClInclude>
    <ClInclude Include="include\game.h">
      <Filter>Header Files</Filter>
    </ClInclude>
    <ClInclude Include="include\physicsData.h">
      <Filter>Header Files</Filter>
    </ClInclude>
    <ClInclude Include="include\dynamicCircle.h">
      <Filter>Header Files</Filter>
    </ClInclude>
    <ClInclude Include="include\contactListener.h">
      <Filter>Header Files</Filter>
    </ClInclude>
    <ClInclude Include="include\ray.h">
      <Filter>Header Files</Filter>
    </ClInclude>
    <ClInclude Include="include\staticSensor.h">
      <Filter>Header Files\sensors</Filter>
    </ClInclude>
    <ClInclude Include="include\goalSensor.h">
      <Filter>Header Files\sensors</Filter>
    </ClInclude>
    <ClInclude Include="include\staticBlock.h">
      <Filter>Header Files</Filter>
    </ClInclude>
    <ClInclude Include="include\kinematicBlock.h">
      <Filter>Header Files</Filter>
    </ClInclude>
    <ClInclude Include="include\HUD.h">
      <Filter>Header Files</Filter>
    </ClInclude>
    <ClInclude Include="include\textures.h">
      <Filter>Header Files</Filter>
    </ClInclude>
  </ItemGroup>
</Project>